# THIS IS AN AUTOGENERATED FILE. DO NOT EDIT THIS FILE DIRECTLY.
# yarn lockfile v1


"@types/estree@0.0.39":
  version "0.0.39"
  resolved "https://registry.yarnpkg.com/@types/estree/-/estree-0.0.39.tgz#e177e699ee1b8c22d23174caaa7422644389509f"
  integrity sha512-EYNwp3bU+98cpU4lAWYYL7Zz+2gryWH1qbdDTidVd6hkiR6weksdbMadyXKXNPEkQFhXM+hVO9ZygomHXp+AIw==

"@types/node@^12.7.2":
  version "12.7.2"
  resolved "https://registry.yarnpkg.com/@types/node/-/node-12.7.2.tgz#c4e63af5e8823ce9cc3f0b34f7b998c2171f0c44"
  integrity sha512-dyYO+f6ihZEtNPDcWNR1fkoTDf3zAK3lAABDze3mz6POyIercH0lEUawUFXlG8xaQZmm1yEBON/4TsYv/laDYg==

acorn@^7.0.0:
  version "7.0.0"
  resolved "https://registry.yarnpkg.com/acorn/-/acorn-7.0.0.tgz#26b8d1cd9a9b700350b71c0905546f64d1284e7a"
  integrity sha512-PaF/MduxijYYt7unVGRuds1vBC9bFxbNf+VWqhOClfdgy7RlVkQqt610ig1/yxTgsDIfW1cWDel5EBbOy3jdtQ==

rollup@^1.20.0:
  version "1.20.0"
  resolved "https://registry.yarnpkg.com/rollup/-/rollup-1.20.0.tgz#3799e4cd2f48c0a068d87af575956d8d72c9447a"
  integrity sha512-zW80j9RSJ0VV0VOxP1i7cF279+IlAaD49Ihwqb87PDR0555Fvk10HKmh2yUtXCdBb37bELuhHWZTJc4uoCo8Vw==
  dependencies:
    "@types/estree" "0.0.39"
    "@types/node" "^12.7.2"
    acorn "^7.0.0"

single-spa-html@^1.0.1:
  version "1.0.1"
  resolved "https://registry.yarnpkg.com/single-spa-html/-/single-spa-html-1.0.1.tgz#16a925ff893d3d18f940d6f36e3e30486fca66d1"
  integrity sha512-VlZZ7m6VIrhTMYq8UUNLQveoOLDeN5hp68bIg1aZKdqn/IztlgYnyiOfS/R5pvNvLjDdyVHUom30KAs5hJVb2Q==
